# This file is automatically @generated by Cargo.
# It is not intended for manual editing.
version = 4

[[package]]
name = "specdex_core"
version = "0.1.0"

[[package]]
name = "specdex_parsers"
version = "0.1.0"

[[package]]
name = "tauri_adapter"
version = "0.1.0"
dependencies = [
 "specdex_core",
 "specdex_parsers",
]
